{
  "name": "Curativity_SignUp",
  "version": "0.0.1",
  "dependencies": {
    "express": {
      "version": "3.1.0",
      "from": "express@3.1.0",
      "resolved": "https://registry.npmjs.org/express/-/express-3.1.0.tgz",
      "dependencies": {
        "connect": {
          "version": "2.7.2",
          "from": "connect@2.7.2",
          "resolved": "https://registry.npmjs.org/connect/-/connect-2.7.2.tgz",
          "dependencies": {
            "qs": {
              "version": "0.5.1",
              "from": "qs@0.5.1"
            },
            "formidable": {
              "version": "1.0.11",
              "from": "formidable@1.0.11"
            },
            "bytes": {
              "version": "0.1.0",
              "from": "bytes@0.1.0"
            },
            "pause": {
              "version": "0.0.1",
              "from": "pause@0.0.1"
            }
          }
        },
        "commander": {
          "version": "0.6.1",
          "from": "commander@0.6.1"
        },
        "range-parser": {
          "version": "0.0.4",
          "from": "range-parser@0.0.4"
        },
        "mkdirp": {
          "version": "0.3.3",
          "from": "mkdirp@0.3.3"
        },
        "cookie": {
          "version": "0.0.5",
          "from": "cookie@0.0.5"
        },
        "buffer-crc32": {
          "version": "0.1.1",
          "from": "buffer-crc32@0.1.1"
        },
        "fresh": {
          "version": "0.1.0",
          "from": "fresh@0.1.0"
        },
        "methods": {
          "version": "0.0.1",
          "from": "methods@0.0.1"
        },
        "send": {
          "version": "0.1.0",
          "from": "send@0.1.0",
          "dependencies": {
            "mime": {
              "version": "1.2.6",
              "from": "mime@1.2.6"
            }
          }
        },
        "cookie-signature": {
          "version": "0.0.1",
          "from": "cookie-signature@0.0.1"
        },
        "debug": {
          "version": "0.7.2",
          "from": "debug@*"
        }
      }
    },
    "jade": {
      "version": "0.30.0",
      "from": "jade@*",
      "dependencies": {
        "commander": {
          "version": "1.1.1",
          "from": "commander@~1.1.1",
          "dependencies": {
            "keypress": {
              "version": "0.1.0",
              "from": "keypress@0.1.x"
            }
          }
        },
        "mkdirp": {
          "version": "0.3.5",
          "from": "mkdirp@0.3.x"
        },
        "transformers": {
          "version": "2.0.1",
          "from": "transformers@~2.0.1",
          "dependencies": {
            "promise": {
              "version": "2.0.0",
              "from": "promise@~2.0",
              "dependencies": {
                "is-promise": {
                  "version": "1.0.0",
                  "from": "is-promise@~1"
                }
              }
            },
            "css": {
              "version": "1.0.8",
              "from": "css@~1.0.8",
              "dependencies": {
                "css-parse": {
                  "version": "1.0.4",
                  "from": "css-parse@1.0.4",
                  "resolved": "https://registry.npmjs.org/css-parse/-/css-parse-1.0.4.tgz"
                },
                "css-stringify": {
                  "version": "1.0.5",
                  "from": "css-stringify@1.0.5",
                  "resolved": "https://registry.npmjs.org/css-stringify/-/css-stringify-1.0.5.tgz"
                }
              }
            },
            "uglify-js": {
              "version": "2.2.5",
              "from": "uglify-js@~2.2.5",
              "dependencies": {
                "source-map": {
                  "version": "0.1.22",
                  "from": "source-map@~0.1.7",
                  "dependencies": {
                    "amdefine": {
                      "version": "0.0.5",
                      "from": "amdefine@>=0.0.4"
                    }
                  }
                },
                "optimist": {
                  "version": "0.3.7",
                  "from": "optimist@~0.3.5",
                  "dependencies": {
                    "wordwrap": {
                      "version": "0.0.2",
                      "from": "wordwrap@~0.0.2"
                    }
                  }
                }
              }
            }
          }
        },
        "character-parser": {
          "version": "1.0.2",
          "from": "character-parser@~1.0.0"
        },
        "monocle": {
          "version": "0.1.48",
          "from": "monocle@~0.1.46",
          "dependencies": {
            "readdirp": {
              "version": "0.2.4",
              "from": "readdirp@~0.2.3",
              "dependencies": {
                "minimatch": {
                  "version": "0.2.12",
                  "from": "minimatch@>=0.2.4",
                  "dependencies": {
                    "lru-cache": {
                      "version": "2.3.0",
                      "from": "lru-cache@2"
                    },
                    "sigmund": {
                      "version": "1.0.0",
                      "from": "sigmund@~1.0.0"
                    }
                  }
                }
              }
            }
          }
        }
      }
    },
    "mongoose": {
      "version": "3.6.11",
      "from": "mongoose@",
      "dependencies": {
        "hooks": {
          "version": "0.2.1",
          "from": "hooks@0.2.1"
        },
        "mongodb": {
          "version": "1.3.5",
          "from": "mongodb@1.3.5",
          "resolved": "https://registry.npmjs.org/mongodb/-/mongodb-1.3.5.tgz",
          "dependencies": {
            "bson": {
              "version": "0.1.8",
              "from": "bson@0.1.8"
            },
            "kerberos": {
              "version": "0.0.2",
              "from": "kerberos@latest"
            }
          }
        },
        "ms": {
          "version": "0.1.0",
          "from": "ms@0.1.0"
        },
        "sliced": {
          "version": "0.0.3",
          "from": "sliced@0.0.3"
        },
        "muri": {
          "version": "0.3.1",
          "from": "muri@0.3.1"
        },
        "mpromise": {
          "version": "0.2.1",
          "from": "mpromise@0.2.1",
          "dependencies": {
            "sliced": {
              "version": "0.0.4",
              "from": "sliced@0.0.4"
            }
          }
        },
        "mpath": {
          "version": "0.1.1",
          "from": "mpath@0.1.1"
        },
        "regexp-clone": {
          "version": "0.0.1",
          "from": "regexp-clone@0.0.1"
        }
      }
    },
    "express-validator": {
      "version": "0.3.2",
      "from": "express-validator@0.3.2",
      "dependencies": {
        "validator": {
          "version": "0.4.25",
          "from": "validator@0.4.25",
          "resolved": "https://registry.npmjs.org/validator/-/validator-0.4.25.tgz"
        }
      }
    },
    "connect-flash": {
      "version": "0.1.1",
      "from": "connect-flash@~0.1.1"
    }
  }
}
